
Microsoft Visual Studio Solution File, Format Version 12.00
# Visual Studio Version 16
VisualStudioVersion = 16.0.33927.289
MinimumVisualStudioVersion = 10.0.40219.1
Project("{2150E333-8FDC-42A3-9474-1A3956D46DE8}") = "task0", "task0", "{9E0D6A76-3960-4E0D-B210-89495B1D0125}"
EndProject
Project("{FAE04EC0-301F-11D3-BF4B-00C04F79EFBC}") = "Tyuiu.GurevskayaVE.Sprint5.Task0.V6", "Tyuiu.GurevskayaVE.Sprint5.Task0.V6\Tyuiu.GurevskayaVE.Sprint5.Task0.V6.csproj", "{07F739C2-9C81-40E4-B253-56106B787703}"
EndProject
Project("{FAE04EC0-301F-11D3-BF4B-00C04F79EFBC}") = "Tyuiu.GurevskayaVE.Sprint5.Task0.V6.Lib", "Tyuiu.GurevskayaVE.Sprint5.Task0.V6.Lib\Tyuiu.GurevskayaVE.Sprint5.Task0.V6.Lib.csproj", "{B898C325-AF18-4458-9B92-A8D34C47DE66}"
EndProject
Project("{FAE04EC0-301F-11D3-BF4B-00C04F79EFBC}") = "Tyuiu.GurevskayaVE.Sprint5.Task0.V6.Test", "Tyuiu.GurevskayaVE.Sprint5.Task0.V6.Test\Tyuiu.GurevskayaVE.Sprint5.Task0.V6.Test.csproj", "{2B7A04F1-6110-4032-975D-FA1466DCA07C}"
EndProject
Project("{2150E333-8FDC-42A3-9474-1A3956D46DE8}") = "task1", "task1", "{9AE01860-A504-498B-A313-D565F68368B3}"
EndProject
Project("{FAE04EC0-301F-11D3-BF4B-00C04F79EFBC}") = "Tyuiu.GurevskayaVE.Sprint5.Task1.V12", "Tyuiu.GurevskayaVE.Sprint5.Task1.V12\Tyuiu.GurevskayaVE.Sprint5.Task1.V12.csproj", "{2AA81A13-FD2F-4ADC-86F3-10237066C20B}"
EndProject
Project("{FAE04EC0-301F-11D3-BF4B-00C04F79EFBC}") = "Tyuiu.GurevskayaVE.Sprint5.Task1.V12.Lib", "Tyuiu.GurevskayaVE.Sprint5.Task1.V12.Lib\Tyuiu.GurevskayaVE.Sprint5.Task1.V12.Lib.csproj", "{6052D5CE-EEFA-45A8-9A3B-904D3C87637D}"
EndProject
Project("{FAE04EC0-301F-11D3-BF4B-00C04F79EFBC}") = "Tyuiu.GurevskayaVE.Sprint5.Task1.V12.Test", "Tyuiu.GurevskayaVE.Sprint5.Task1.V12.Test\Tyuiu.GurevskayaVE.Sprint5.Task1.V12.Test.csproj", "{49005D31-28AB-414E-8DB2-CC806516DA59}"
EndProject
Project("{2150E333-8FDC-42A3-9474-1A3956D46DE8}") = "task2", "task2", "{04A1DA47-22DE-4E12-BB5A-15DB99C293D6}"
EndProject
Project("{FAE04EC0-301F-11D3-BF4B-00C04F79EFBC}") = "Tyuiu.GurevskayaVE.Sprint5.Task2.V20", "Tyuiu.GurevskayaVE.Sprint5.Task2.V20\Tyuiu.GurevskayaVE.Sprint5.Task2.V20.csproj", "{29538B99-FB27-4132-9435-0DD49EEA23F5}"
EndProject
Project("{FAE04EC0-301F-11D3-BF4B-00C04F79EFBC}") = "Tyuiu.GurevskayaVE.Sprint5.Task2.V20.Lib", "Tyuiu.GurevskayaVE.Sprint5.Task2.V20.Lib\Tyuiu.GurevskayaVE.Sprint5.Task2.V20.Lib.csproj", "{2C3A57B6-AC5C-42D2-BD2F-CA75E924ADFD}"
EndProject
Project("{FAE04EC0-301F-11D3-BF4B-00C04F79EFBC}") = "Tyuiu.GurevskayaVE.Sprint5.Task2.V20.Test", "Tyuiu.GurevskayaVE.Sprint5.Task2.V20.Test\Tyuiu.GurevskayaVE.Sprint5.Task2.V20.Test.csproj", "{CB2E051B-07C5-4C19-B05C-038CE1B9CB0D}"
EndProject
Project("{2150E333-8FDC-42A3-9474-1A3956D46DE8}") = "task3", "task3", "{BAB486E6-18CB-4025-9390-70728E0B57A6}"
EndProject
Project("{FAE04EC0-301F-11D3-BF4B-00C04F79EFBC}") = "Tyuiu.GurevskayaVE.Sprint5.Task3.V9", "Tyuiu.GurevskayaVE.Sprint5.Task3.V9\Tyuiu.GurevskayaVE.Sprint5.Task3.V9.csproj", "{EEE96E17-952D-4F67-AFBE-8035D4029955}"
EndProject
Project("{FAE04EC0-301F-11D3-BF4B-00C04F79EFBC}") = "Tyuiu.GurevskayaVE.Sprint5.Task3.V9.Lib", "Tyuiu.GurevskayaVE.Sprint5.Task3.V9.Lib\Tyuiu.GurevskayaVE.Sprint5.Task3.V9.Lib.csproj", "{F13703EC-98E4-4F02-8316-3A184D6DCD01}"
EndProject
Project("{FAE04EC0-301F-11D3-BF4B-00C04F79EFBC}") = "Tyuiu.GurevskayaVE.Sprint5.Task3.V9.Test", "Tyuiu.GurevskayaVE.Sprint5.Task3.V9.Test\Tyuiu.GurevskayaVE.Sprint5.Task3.V9.Test.csproj", "{47906A1F-1829-4A53-AB19-1A1EE51FDE21}"
EndProject
Project("{2150E333-8FDC-42A3-9474-1A3956D46DE8}") = "task4", "task4", "{7B8D6C28-F721-40E4-BF63-E14335BD0304}"
EndProject
Project("{FAE04EC0-301F-11D3-BF4B-00C04F79EFBC}") = "Tyuiu.GurevskayaVE.Sprint5.Task4.V3", "Tyuiu.GurevskayaVE.Sprint5.Task4.V3\Tyuiu.GurevskayaVE.Sprint5.Task4.V3.csproj", "{C9986248-F649-4024-B02F-F1CF75DC8EBC}"
EndProject
Project("{FAE04EC0-301F-11D3-BF4B-00C04F79EFBC}") = "Tyuiu.GurevskayaVE.Sprint5.Task4.V3.Lib", "Tyuiu.GurevskayaVE.Sprint5.Task4.V3.Lib\Tyuiu.GurevskayaVE.Sprint5.Task4.V3.Lib.csproj", "{26728EE5-52CF-4A27-9CFB-40BBD39DB348}"
EndProject
Project("{FAE04EC0-301F-11D3-BF4B-00C04F79EFBC}") = "Tyuiu.GurevskayaVE.Sprint5.Task4.V3.Test", "Tyuiu.GurevskayaVE.Sprint5.Task4.V3.Test\Tyuiu.GurevskayaVE.Sprint5.Task4.V3.Test.csproj", "{86B4B6EB-461C-47E1-AAC3-C434076FFC7D}"
EndProject
Project("{2150E333-8FDC-42A3-9474-1A3956D46DE8}") = "task5", "task5", "{40F5B19D-1B1E-47BF-9117-E42AA688D8A3}"
EndProject
Project("{FAE04EC0-301F-11D3-BF4B-00C04F79EFBC}") = "Tyuiu.GurevskayaVE.Sprint5.Task5.V26", "Tyuiu.GurevskayaVE.Sprint5.Task5.V26\Tyuiu.GurevskayaVE.Sprint5.Task5.V26.csproj", "{B2927359-FE3B-4ACA-ABB0-E5E1848BE677}"
EndProject
Project("{FAE04EC0-301F-11D3-BF4B-00C04F79EFBC}") = "Tyuiu.GurevskayaVE.Sprint5.Task5.V26.Lib", "Tyuiu.GurevskayaVE.Sprint5.Task5.V26.Lib\Tyuiu.GurevskayaVE.Sprint5.Task5.V26.Lib.csproj", "{0D079F7F-BA9A-4E0D-B267-04386F01306D}"
EndProject
Project("{FAE04EC0-301F-11D3-BF4B-00C04F79EFBC}") = "Tyuiu.GurevskayaVE.Sprint5.Task5.V26.Test", "Tyuiu.GurevskayaVE.Sprint5.Task5.V26.Test\Tyuiu.GurevskayaVE.Sprint5.Task5.V26.Test.csproj", "{E21A1EA3-F73D-474D-BC78-3E85091DB21F}"
EndProject
Project("{2150E333-8FDC-42A3-9474-1A3956D46DE8}") = "task6", "task6", "{46CB3A9A-DBDE-4C77-8F77-38E04C047849}"
EndProject
Project("{FAE04EC0-301F-11D3-BF4B-00C04F79EFBC}") = "Tyuiu.GurevskayaVE.Sprint5.Task6.V6", "Tyuiu.GurevskayaVE.Sprint5.Task6.V6\Tyuiu.GurevskayaVE.Sprint5.Task6.V6.csproj", "{50AC0C0D-AA22-469B-942C-67C0730A01CD}"
EndProject
Project("{FAE04EC0-301F-11D3-BF4B-00C04F79EFBC}") = "Tyuiu.GurevskayaVE.Sprint5.Task6.V6.Lib", "Tyuiu.GurevskayaVE.Sprint5.Task6.V6.Lib\Tyuiu.GurevskayaVE.Sprint5.Task6.V6.Lib.csproj", "{5F397DE2-121B-4214-BB2B-8079B1DFA1BF}"
EndProject
Project("{FAE04EC0-301F-11D3-BF4B-00C04F79EFBC}") = "Tyuiu.GurevskayaVE.Sprint5.Task6.V6.Test", "Tyuiu.GurevskayaVE.Sprint5.Task6.V6.Test\Tyuiu.GurevskayaVE.Sprint5.Task6.V6.Test.csproj", "{3B7168F4-47E7-4DFC-8FB0-8A60427441FB}"
EndProject
Global
	GlobalSection(SolutionConfigurationPlatforms) = preSolution
		Debug|Any CPU = Debug|Any CPU
		Release|Any CPU = Release|Any CPU
	EndGlobalSection
	GlobalSection(ProjectConfigurationPlatforms) = postSolution
		{07F739C2-9C81-40E4-B253-56106B787703}.Debug|Any CPU.ActiveCfg = Debug|Any CPU
		{07F739C2-9C81-40E4-B253-56106B787703}.Debug|Any CPU.Build.0 = Debug|Any CPU
		{07F739C2-9C81-40E4-B253-56106B787703}.Release|Any CPU.ActiveCfg = Release|Any CPU
		{07F739C2-9C81-40E4-B253-56106B787703}.Release|Any CPU.Build.0 = Release|Any CPU
		{B898C325-AF18-4458-9B92-A8D34C47DE66}.Debug|Any CPU.ActiveCfg = Debug|Any CPU
		{B898C325-AF18-4458-9B92-A8D34C47DE66}.Debug|Any CPU.Build.0 = Debug|Any CPU
		{B898C325-AF18-4458-9B92-A8D34C47DE66}.Release|Any CPU.ActiveCfg = Release|Any CPU
		{B898C325-AF18-4458-9B92-A8D34C47DE66}.Release|Any CPU.Build.0 = Release|Any CPU
		{2B7A04F1-6110-4032-975D-FA1466DCA07C}.Debug|Any CPU.ActiveCfg = Debug|Any CPU
		{2B7A04F1-6110-4032-975D-FA1466DCA07C}.Debug|Any CPU.Build.0 = Debug|Any CPU
		{2B7A04F1-6110-4032-975D-FA1466DCA07C}.Release|Any CPU.ActiveCfg = Release|Any CPU
		{2B7A04F1-6110-4032-975D-FA1466DCA07C}.Release|Any CPU.Build.0 = Release|Any CPU
		{2AA81A13-FD2F-4ADC-86F3-10237066C20B}.Debug|Any CPU.ActiveCfg = Debug|Any CPU
		{2AA81A13-FD2F-4ADC-86F3-10237066C20B}.Debug|Any CPU.Build.0 = Debug|Any CPU
		{2AA81A13-FD2F-4ADC-86F3-10237066C20B}.Release|Any CPU.ActiveCfg = Release|Any CPU
		{2AA81A13-FD2F-4ADC-86F3-10237066C20B}.Release|Any CPU.Build.0 = Release|Any CPU
		{6052D5CE-EEFA-45A8-9A3B-904D3C87637D}.Debug|Any CPU.ActiveCfg = Debug|Any CPU
		{6052D5CE-EEFA-45A8-9A3B-904D3C87637D}.Debug|Any CPU.Build.0 = Debug|Any CPU
		{6052D5CE-EEFA-45A8-9A3B-904D3C87637D}.Release|Any CPU.ActiveCfg = Release|Any CPU
		{6052D5CE-EEFA-45A8-9A3B-904D3C87637D}.Release|Any CPU.Build.0 = Release|Any CPU
		{49005D31-28AB-414E-8DB2-CC806516DA59}.Debug|Any CPU.ActiveCfg = Debug|Any CPU
		{49005D31-28AB-414E-8DB2-CC806516DA59}.Debug|Any CPU.Build.0 = Debug|Any CPU
		{49005D31-28AB-414E-8DB2-CC806516DA59}.Release|Any CPU.ActiveCfg = Release|Any CPU
		{49005D31-28AB-414E-8DB2-CC806516DA59}.Release|Any CPU.Build.0 = Release|Any CPU
		{29538B99-FB27-4132-9435-0DD49EEA23F5}.Debug|Any CPU.ActiveCfg = Debug|Any CPU
		{29538B99-FB27-4132-9435-0DD49EEA23F5}.Debug|Any CPU.Build.0 = Debug|Any CPU
		{29538B99-FB27-4132-9435-0DD49EEA23F5}.Release|Any CPU.ActiveCfg = Release|Any CPU
		{29538B99-FB27-4132-9435-0DD49EEA23F5}.Release|Any CPU.Build.0 = Release|Any CPU
		{2C3A57B6-AC5C-42D2-BD2F-CA75E924ADFD}.Debug|Any CPU.ActiveCfg = Debug|Any CPU
		{2C3A57B6-AC5C-42D2-BD2F-CA75E924ADFD}.Debug|Any CPU.Build.0 = Debug|Any CPU
		{2C3A57B6-AC5C-42D2-BD2F-CA75E924ADFD}.Release|Any CPU.ActiveCfg = Release|Any CPU
		{2C3A57B6-AC5C-42D2-BD2F-CA75E924ADFD}.Release|Any CPU.Build.0 = Release|Any CPU
		{CB2E051B-07C5-4C19-B05C-038CE1B9CB0D}.Debug|Any CPU.ActiveCfg = Debug|Any CPU
		{CB2E051B-07C5-4C19-B05C-038CE1B9CB0D}.Debug|Any CPU.Build.0 = Debug|Any CPU
		{CB2E051B-07C5-4C19-B05C-038CE1B9CB0D}.Release|Any CPU.ActiveCfg = Release|Any CPU
		{CB2E051B-07C5-4C19-B05C-038CE1B9CB0D}.Release|Any CPU.Build.0 = Release|Any CPU
		{EEE96E17-952D-4F67-AFBE-8035D4029955}.Debug|Any CPU.ActiveCfg = Debug|Any CPU
		{EEE96E17-952D-4F67-AFBE-8035D4029955}.Debug|Any CPU.Build.0 = Debug|Any CPU
		{EEE96E17-952D-4F67-AFBE-8035D4029955}.Release|Any CPU.ActiveCfg = Release|Any CPU
		{EEE96E17-952D-4F67-AFBE-8035D4029955}.Release|Any CPU.Build.0 = Release|Any CPU
		{F13703EC-98E4-4F02-8316-3A184D6DCD01}.Debug|Any CPU.ActiveCfg = Debug|Any CPU
		{F13703EC-98E4-4F02-8316-3A184D6DCD01}.Debug|Any CPU.Build.0 = Debug|Any CPU
		{F13703EC-98E4-4F02-8316-3A184D6DCD01}.Release|Any CPU.ActiveCfg = Release|Any CPU
		{F13703EC-98E4-4F02-8316-3A184D6DCD01}.Release|Any CPU.Build.0 = Release|Any CPU
		{47906A1F-1829-4A53-AB19-1A1EE51FDE21}.Debug|Any CPU.ActiveCfg = Debug|Any CPU
		{47906A1F-1829-4A53-AB19-1A1EE51FDE21}.Debug|Any CPU.Build.0 = Debug|Any CPU
		{47906A1F-1829-4A53-AB19-1A1EE51FDE21}.Release|Any CPU.ActiveCfg = Release|Any CPU
		{47906A1F-1829-4A53-AB19-1A1EE51FDE21}.Release|Any CPU.Build.0 = Release|Any CPU
		{C9986248-F649-4024-B02F-F1CF75DC8EBC}.Debug|Any CPU.ActiveCfg = Debug|Any CPU
		{C9986248-F649-4024-B02F-F1CF75DC8EBC}.Debug|Any CPU.Build.0 = Debug|Any CPU
		{C9986248-F649-4024-B02F-F1CF75DC8EBC}.Release|Any CPU.ActiveCfg = Release|Any CPU
		{C9986248-F649-4024-B02F-F1CF75DC8EBC}.Release|Any CPU.Build.0 = Release|Any CPU
		{26728EE5-52CF-4A27-9CFB-40BBD39DB348}.Debug|Any CPU.ActiveCfg = Debug|Any CPU
		{26728EE5-52CF-4A27-9CFB-40BBD39DB348}.Debug|Any CPU.Build.0 = Debug|Any CPU
		{26728EE5-52CF-4A27-9CFB-40BBD39DB348}.Release|Any CPU.ActiveCfg = Release|Any CPU
		{26728EE5-52CF-4A27-9CFB-40BBD39DB348}.Release|Any CPU.Build.0 = Release|Any CPU
		{86B4B6EB-461C-47E1-AAC3-C434076FFC7D}.Debug|Any CPU.ActiveCfg = Debug|Any CPU
		{86B4B6EB-461C-47E1-AAC3-C434076FFC7D}.Debug|Any CPU.Build.0 = Debug|Any CPU
		{86B4B6EB-461C-47E1-AAC3-C434076FFC7D}.Release|Any CPU.ActiveCfg = Release|Any CPU
		{86B4B6EB-461C-47E1-AAC3-C434076FFC7D}.Release|Any CPU.Build.0 = Release|Any CPU
		{B2927359-FE3B-4ACA-ABB0-E5E1848BE677}.Debug|Any CPU.ActiveCfg = Debug|Any CPU
		{B2927359-FE3B-4ACA-ABB0-E5E1848BE677}.Debug|Any CPU.Build.0 = Debug|Any CPU
		{B2927359-FE3B-4ACA-ABB0-E5E1848BE677}.Release|Any CPU.ActiveCfg = Release|Any CPU
		{B2927359-FE3B-4ACA-ABB0-E5E1848BE677}.Release|Any CPU.Build.0 = Release|Any CPU
		{0D079F7F-BA9A-4E0D-B267-04386F01306D}.Debug|Any CPU.ActiveCfg = Debug|Any CPU
		{0D079F7F-BA9A-4E0D-B267-04386F01306D}.Debug|Any CPU.Build.0 = Debug|Any CPU
		{0D079F7F-BA9A-4E0D-B267-04386F01306D}.Release|Any CPU.ActiveCfg = Release|Any CPU
		{0D079F7F-BA9A-4E0D-B267-04386F01306D}.Release|Any CPU.Build.0 = Release|Any CPU
		{E21A1EA3-F73D-474D-BC78-3E85091DB21F}.Debug|Any CPU.ActiveCfg = Debug|Any CPU
		{E21A1EA3-F73D-474D-BC78-3E85091DB21F}.Debug|Any CPU.Build.0 = Debug|Any CPU
		{E21A1EA3-F73D-474D-BC78-3E85091DB21F}.Release|Any CPU.ActiveCfg = Release|Any CPU
		{E21A1EA3-F73D-474D-BC78-3E85091DB21F}.Release|Any CPU.Build.0 = Release|Any CPU
		{50AC0C0D-AA22-469B-942C-67C0730A01CD}.Debug|Any CPU.ActiveCfg = Debug|Any CPU
		{50AC0C0D-AA22-469B-942C-67C0730A01CD}.Debug|Any CPU.Build.0 = Debug|Any CPU
		{50AC0C0D-AA22-469B-942C-67C0730A01CD}.Release|Any CPU.ActiveCfg = Release|Any CPU
		{50AC0C0D-AA22-469B-942C-67C0730A01CD}.Release|Any CPU.Build.0 = Release|Any CPU
		{5F397DE2-121B-4214-BB2B-8079B1DFA1BF}.Debug|Any CPU.ActiveCfg = Debug|Any CPU
		{5F397DE2-121B-4214-BB2B-8079B1DFA1BF}.Debug|Any CPU.Build.0 = Debug|Any CPU
		{5F397DE2-121B-4214-BB2B-8079B1DFA1BF}.Release|Any CPU.ActiveCfg = Release|Any CPU
		{5F397DE2-121B-4214-BB2B-8079B1DFA1BF}.Release|Any CPU.Build.0 = Release|Any CPU
		{3B7168F4-47E7-4DFC-8FB0-8A60427441FB}.Debug|Any CPU.ActiveCfg = Debug|Any CPU
		{3B7168F4-47E7-4DFC-8FB0-8A60427441FB}.Debug|Any CPU.Build.0 = Debug|Any CPU
		{3B7168F4-47E7-4DFC-8FB0-8A60427441FB}.Release|Any CPU.ActiveCfg = Release|Any CPU
		{3B7168F4-47E7-4DFC-8FB0-8A60427441FB}.Release|Any CPU.Build.0 = Release|Any CPU
	EndGlobalSection
	GlobalSection(SolutionProperties) = preSolution
		HideSolutionNode = FALSE
	EndGlobalSection
	GlobalSection(NestedProjects) = preSolution
		{07F739C2-9C81-40E4-B253-56106B787703} = {9E0D6A76-3960-4E0D-B210-89495B1D0125}
		{B898C325-AF18-4458-9B92-A8D34C47DE66} = {9E0D6A76-3960-4E0D-B210-89495B1D0125}
		{2B7A04F1-6110-4032-975D-FA1466DCA07C} = {9E0D6A76-3960-4E0D-B210-89495B1D0125}
		{2AA81A13-FD2F-4ADC-86F3-10237066C20B} = {9AE01860-A504-498B-A313-D565F68368B3}
		{6052D5CE-EEFA-45A8-9A3B-904D3C87637D} = {9AE01860-A504-498B-A313-D565F68368B3}
		{49005D31-28AB-414E-8DB2-CC806516DA59} = {9AE01860-A504-498B-A313-D565F68368B3}
		{29538B99-FB27-4132-9435-0DD49EEA23F5} = {04A1DA47-22DE-4E12-BB5A-15DB99C293D6}
		{2C3A57B6-AC5C-42D2-BD2F-CA75E924ADFD} = {04A1DA47-22DE-4E12-BB5A-15DB99C293D6}
		{CB2E051B-07C5-4C19-B05C-038CE1B9CB0D} = {04A1DA47-22DE-4E12-BB5A-15DB99C293D6}
		{EEE96E17-952D-4F67-AFBE-8035D4029955} = {BAB486E6-18CB-4025-9390-70728E0B57A6}
		{F13703EC-98E4-4F02-8316-3A184D6DCD01} = {BAB486E6-18CB-4025-9390-70728E0B57A6}
		{47906A1F-1829-4A53-AB19-1A1EE51FDE21} = {BAB486E6-18CB-4025-9390-70728E0B57A6}
		{C9986248-F649-4024-B02F-F1CF75DC8EBC} = {7B8D6C28-F721-40E4-BF63-E14335BD0304}
		{26728EE5-52CF-4A27-9CFB-40BBD39DB348} = {7B8D6C28-F721-40E4-BF63-E14335BD0304}
		{86B4B6EB-461C-47E1-AAC3-C434076FFC7D} = {7B8D6C28-F721-40E4-BF63-E14335BD0304}
		{B2927359-FE3B-4ACA-ABB0-E5E1848BE677} = {40F5B19D-1B1E-47BF-9117-E42AA688D8A3}
		{0D079F7F-BA9A-4E0D-B267-04386F01306D} = {40F5B19D-1B1E-47BF-9117-E42AA688D8A3}
		{E21A1EA3-F73D-474D-BC78-3E85091DB21F} = {40F5B19D-1B1E-47BF-9117-E42AA688D8A3}
		{50AC0C0D-AA22-469B-942C-67C0730A01CD} = {46CB3A9A-DBDE-4C77-8F77-38E04C047849}
		{5F397DE2-121B-4214-BB2B-8079B1DFA1BF} = {46CB3A9A-DBDE-4C77-8F77-38E04C047849}
		{3B7168F4-47E7-4DFC-8FB0-8A60427441FB} = {46CB3A9A-DBDE-4C77-8F77-38E04C047849}
	EndGlobalSection
	GlobalSection(ExtensibilityGlobals) = postSolution
		SolutionGuid = {C2C2A3FD-D2E2-4483-A4D6-693A0E5D6CD8}
	EndGlobalSection
EndGlobal
